
Microsoft Visual Studio Solution File, Format Version 12.00
# Visual Studio Version 17
VisualStudioVersion = 17.7.33711.374
MinimumVisualStudioVersion = 10.0.40219.1
Project("{FAE04EC0-301F-11D3-BF4B-00C04F79EFBC}") = "QLVLXD1", "QLVLXD1\QLVLXD1.csproj", "{0A7E97B1-27B2-49DF-93F9-12D9F43498EE}"
EndProject
Global
	GlobalSection(SolutionConfigurationPlatforms) = preSolution
		Debug|Any CPU = Debug|Any CPU
		Release|Any CPU = Release|Any CPU
	EndGlobalSection
	GlobalSection(ProjectConfigurationPlatforms) = postSolution
		{0A7E97B1-27B2-49DF-93F9-12D9F43498EE}.Debug|Any CPU.ActiveCfg = Debug|Any CPU
		{0A7E97B1-27B2-49DF-93F9-12D9F43498EE}.Debug|Any CPU.Build.0 = Debug|Any CPU
		{0A7E97B1-27B2-49DF-93F9-12D9F43498EE}.Release|Any CPU.ActiveCfg = Release|Any CPU
		{0A7E97B1-27B2-49DF-93F9-12D9F43498EE}.Release|Any CPU.Build.0 = Release|Any CPU
	EndGlobalSection
	GlobalSection(SolutionProperties) = preSolution
		HideSolutionNode = FALSE
	EndGlobalSection
	GlobalSection(ExtensibilityGlobals) = postSolution
		SolutionGuid = {87D1668C-351B-4D94-9413-116B65CE855F}
	EndGlobalSection
EndGlobal
